
Microsoft Visual Studio Solution File, Format Version 12.00
# Visual Studio 2013
VisualStudioVersion = 12.0.30501.0
MinimumVisualStudioVersion = 10.0.40219.1
Project("{FAE04EC0-301F-11D3-BF4B-00C04F79EFBC}") = "nothingsevereasyweb", "nothingsevereasyweb\nothingsevereasyweb.csproj", "{64FBC726-1204-4AE8-939A-C7CC158F468B}"
EndProject
Project("{FAE04EC0-301F-11D3-BF4B-00C04F79EFBC}") = "nothingsevereasy.Tests", "nothingsevereasy.Tests\nothingsevereasy.Tests.csproj", "{358B10B6-3C7C-4C92-9954-33C176F32528}"
EndProject
Project("{FAE04EC0-301F-11D3-BF4B-00C04F79EFBC}") = "nothingsevereasy.Data", "nothingsevereasy.Data\nothingsevereasy.Data.csproj", "{BA2D4CDF-8D41-469C-8C30-9B6BFBC281BB}"
EndProject
Global
	GlobalSection(SolutionConfigurationPlatforms) = preSolution
		Debug|Any CPU = Debug|Any CPU
		Release|Any CPU = Release|Any CPU
	EndGlobalSection
	GlobalSection(ProjectConfigurationPlatforms) = postSolution
		{64FBC726-1204-4AE8-939A-C7CC158F468B}.Debug|Any CPU.ActiveCfg = Debug|Any CPU
		{64FBC726-1204-4AE8-939A-C7CC158F468B}.Debug|Any CPU.Build.0 = Debug|Any CPU
		{64FBC726-1204-4AE8-939A-C7CC158F468B}.Release|Any CPU.ActiveCfg = Release|Any CPU
		{64FBC726-1204-4AE8-939A-C7CC158F468B}.Release|Any CPU.Build.0 = Release|Any CPU
		{358B10B6-3C7C-4C92-9954-33C176F32528}.Debug|Any CPU.ActiveCfg = Debug|Any CPU
		{358B10B6-3C7C-4C92-9954-33C176F32528}.Debug|Any CPU.Build.0 = Debug|Any CPU
		{358B10B6-3C7C-4C92-9954-33C176F32528}.Release|Any CPU.ActiveCfg = Release|Any CPU
		{358B10B6-3C7C-4C92-9954-33C176F32528}.Release|Any CPU.Build.0 = Release|Any CPU
		{BA2D4CDF-8D41-469C-8C30-9B6BFBC281BB}.Debug|Any CPU.ActiveCfg = Debug|Any CPU
		{BA2D4CDF-8D41-469C-8C30-9B6BFBC281BB}.Debug|Any CPU.Build.0 = Debug|Any CPU
		{BA2D4CDF-8D41-469C-8C30-9B6BFBC281BB}.Release|Any CPU.ActiveCfg = Release|Any CPU
		{BA2D4CDF-8D41-469C-8C30-9B6BFBC281BB}.Release|Any CPU.Build.0 = Release|Any CPU
	EndGlobalSection
	GlobalSection(SolutionProperties) = preSolution
		HideSolutionNode = FALSE
	EndGlobalSection
EndGlobal
